
Microsoft Visual Studio Solution File, Format Version 12.00
# Visual Studio Version 17
VisualStudioVersion = 17.14.36414.22 d17.14
MinimumVisualStudioVersion = 10.0.40219.1
Project("{FAE04EC0-301F-11D3-BF4B-00C04F79EFBC}") = "DB Associative Populating", "DB Associative Populating.csproj", "{EEDF1A06-1F73-4C83-9BB8-A8E3B1F3A0B5}"
EndProject
Global
	GlobalSection(SolutionConfigurationPlatforms) = preSolution
		Debug|Any CPU = Debug|Any CPU
		Release|Any CPU = Release|Any CPU
	EndGlobalSection
	GlobalSection(ProjectConfigurationPlatforms) = postSolution
		{EEDF1A06-1F73-4C83-9BB8-A8E3B1F3A0B5}.Debug|Any CPU.ActiveCfg = Debug|Any CPU
		{EEDF1A06-1F73-4C83-9BB8-A8E3B1F3A0B5}.Debug|Any CPU.Build.0 = Debug|Any CPU
		{EEDF1A06-1F73-4C83-9BB8-A8E3B1F3A0B5}.Release|Any CPU.ActiveCfg = Release|Any CPU
		{EEDF1A06-1F73-4C83-9BB8-A8E3B1F3A0B5}.Release|Any CPU.Build.0 = Release|Any CPU
	EndGlobalSection
	GlobalSection(SolutionProperties) = preSolution
		HideSolutionNode = FALSE
	EndGlobalSection
	GlobalSection(ExtensibilityGlobals) = postSolution
		SolutionGuid = {2077EE0A-853F-436A-BF06-202332D2A4FA}
	EndGlobalSection
EndGlobal
