
Microsoft Visual Studio Solution File, Format Version 12.00
# Visual Studio Version 17
VisualStudioVersion = 17.14.36414.22 d17.14
MinimumVisualStudioVersion = 10.0.40219.1
Project("{FAE04EC0-301F-11D3-BF4B-00C04F79EFBC}") = "Cereal_Problem", "Cereal_Problem.csproj", "{B0FA3B4F-D5BB-4B70-9858-8EE57793A26F}"
EndProject
Global
	GlobalSection(SolutionConfigurationPlatforms) = preSolution
		Debug|Any CPU = Debug|Any CPU
		Release|Any CPU = Release|Any CPU
	EndGlobalSection
	GlobalSection(ProjectConfigurationPlatforms) = postSolution
		{B0FA3B4F-D5BB-4B70-9858-8EE57793A26F}.Debug|Any CPU.ActiveCfg = Debug|Any CPU
		{B0FA3B4F-D5BB-4B70-9858-8EE57793A26F}.Debug|Any CPU.Build.0 = Debug|Any CPU
		{B0FA3B4F-D5BB-4B70-9858-8EE57793A26F}.Release|Any CPU.ActiveCfg = Release|Any CPU
		{B0FA3B4F-D5BB-4B70-9858-8EE57793A26F}.Release|Any CPU.Build.0 = Release|Any CPU
	EndGlobalSection
	GlobalSection(SolutionProperties) = preSolution
		HideSolutionNode = FALSE
	EndGlobalSection
	GlobalSection(ExtensibilityGlobals) = postSolution
		SolutionGuid = {418A7C19-8BAD-4D4E-9140-9783BDB8A3D3}
	EndGlobalSection
EndGlobal
