
Microsoft Visual Studio Solution File, Format Version 12.00
# Visual Studio Version 17
VisualStudioVersion = 17.14.36414.22 d17.14
MinimumVisualStudioVersion = 10.0.40219.1
Project("{FAE04EC0-301F-11D3-BF4B-00C04F79EFBC}") = "Program", "Program.csproj", "{0C65E7BB-F25A-4705-A306-83B6EF0A89DF}"
EndProject
Global
	GlobalSection(SolutionConfigurationPlatforms) = preSolution
		Debug|Any CPU = Debug|Any CPU
		Release|Any CPU = Release|Any CPU
	EndGlobalSection
	GlobalSection(ProjectConfigurationPlatforms) = postSolution
		{0C65E7BB-F25A-4705-A306-83B6EF0A89DF}.Debug|Any CPU.ActiveCfg = Debug|Any CPU
		{0C65E7BB-F25A-4705-A306-83B6EF0A89DF}.Debug|Any CPU.Build.0 = Debug|Any CPU
		{0C65E7BB-F25A-4705-A306-83B6EF0A89DF}.Release|Any CPU.ActiveCfg = Release|Any CPU
		{0C65E7BB-F25A-4705-A306-83B6EF0A89DF}.Release|Any CPU.Build.0 = Release|Any CPU
	EndGlobalSection
	GlobalSection(SolutionProperties) = preSolution
		HideSolutionNode = FALSE
	EndGlobalSection
	GlobalSection(ExtensibilityGlobals) = postSolution
		SolutionGuid = {F226DC48-9C5B-47D5-9090-08872919F9A5}
	EndGlobalSection
EndGlobal
